
Microsoft Visual Studio Solution File, Format Version 12.00
# Visual Studio 15
VisualStudioVersion = 15.0.28010.2003
MinimumVisualStudioVersion = 10.0.40219.1
Project("{FAE04EC0-301F-11D3-BF4B-00C04F79EFBC}") = "UDP_Server", "UDP_Server\UDP_Server.csproj", "{AE16E16A-2536-408D-963B-5F78CAA1BB2F}"
EndProject
Global
	GlobalSection(SolutionConfigurationPlatforms) = preSolution
		Debug|Any CPU = Debug|Any CPU
		Release|Any CPU = Release|Any CPU
	EndGlobalSection
	GlobalSection(ProjectConfigurationPlatforms) = postSolution
		{AE16E16A-2536-408D-963B-5F78CAA1BB2F}.Debug|Any CPU.ActiveCfg = Debug|Any CPU
		{AE16E16A-2536-408D-963B-5F78CAA1BB2F}.Debug|Any CPU.Build.0 = Debug|Any CPU
		{AE16E16A-2536-408D-963B-5F78CAA1BB2F}.Release|Any CPU.ActiveCfg = Release|Any CPU
		{AE16E16A-2536-408D-963B-5F78CAA1BB2F}.Release|Any CPU.Build.0 = Release|Any CPU
	EndGlobalSection
	GlobalSection(SolutionProperties) = preSolution
		HideSolutionNode = FALSE
	EndGlobalSection
	GlobalSection(ExtensibilityGlobals) = postSolution
		SolutionGuid = {B43C879E-E803-42DE-8E65-C6BDFFED967F}
	EndGlobalSection
EndGlobal
